
Microsoft Visual Studio Solution File, Format Version 12.00
# Visual Studio 2013
VisualStudioVersion = 12.0.21005.1
MinimumVisualStudioVersion = 10.0.40219.1
Project("{FAE04EC0-301F-11D3-BF4B-00C04F79EFBC}") = "SmallQyest", "SmallQyest\SmallQyest.csproj", "{DC4CF938-F393-43B2-AC51-FB1A08F578B5}"
EndProject
Project("{FAE04EC0-301F-11D3-BF4B-00C04F79EFBC}") = "SmallQyest.World", "SmallQyest.World\SmallQyest.World.csproj", "{D025CD32-9B40-4E8F-A61B-B7F38F3FB813}"
EndProject
Project("{FAE04EC0-301F-11D3-BF4B-00C04F79EFBC}") = "Tests", "Tests\Tests.csproj", "{05648198-23E0-499F-AA76-F5F9AFED75F4}"
EndProject
Project("{FAE04EC0-301F-11D3-BF4B-00C04F79EFBC}") = "Logging", "Logging\Logging.csproj", "{813CB390-8BFD-40F2-9C56-9790BF504605}"
EndProject
Global
	GlobalSection(SolutionConfigurationPlatforms) = preSolution
		Debug|Any CPU = Debug|Any CPU
		Release|Any CPU = Release|Any CPU
	EndGlobalSection
	GlobalSection(ProjectConfigurationPlatforms) = postSolution
		{DC4CF938-F393-43B2-AC51-FB1A08F578B5}.Debug|Any CPU.ActiveCfg = Debug|Any CPU
		{DC4CF938-F393-43B2-AC51-FB1A08F578B5}.Debug|Any CPU.Build.0 = Debug|Any CPU
		{DC4CF938-F393-43B2-AC51-FB1A08F578B5}.Release|Any CPU.ActiveCfg = Release|Any CPU
		{DC4CF938-F393-43B2-AC51-FB1A08F578B5}.Release|Any CPU.Build.0 = Release|Any CPU
		{D025CD32-9B40-4E8F-A61B-B7F38F3FB813}.Debug|Any CPU.ActiveCfg = Debug|Any CPU
		{D025CD32-9B40-4E8F-A61B-B7F38F3FB813}.Debug|Any CPU.Build.0 = Debug|Any CPU
		{D025CD32-9B40-4E8F-A61B-B7F38F3FB813}.Release|Any CPU.ActiveCfg = Release|Any CPU
		{D025CD32-9B40-4E8F-A61B-B7F38F3FB813}.Release|Any CPU.Build.0 = Release|Any CPU
		{05648198-23E0-499F-AA76-F5F9AFED75F4}.Debug|Any CPU.ActiveCfg = Debug|Any CPU
		{05648198-23E0-499F-AA76-F5F9AFED75F4}.Debug|Any CPU.Build.0 = Debug|Any CPU
		{05648198-23E0-499F-AA76-F5F9AFED75F4}.Release|Any CPU.ActiveCfg = Release|Any CPU
		{05648198-23E0-499F-AA76-F5F9AFED75F4}.Release|Any CPU.Build.0 = Release|Any CPU
		{813CB390-8BFD-40F2-9C56-9790BF504605}.Debug|Any CPU.ActiveCfg = Debug|Any CPU
		{813CB390-8BFD-40F2-9C56-9790BF504605}.Debug|Any CPU.Build.0 = Debug|Any CPU
		{813CB390-8BFD-40F2-9C56-9790BF504605}.Release|Any CPU.ActiveCfg = Release|Any CPU
		{813CB390-8BFD-40F2-9C56-9790BF504605}.Release|Any CPU.Build.0 = Release|Any CPU
	EndGlobalSection
	GlobalSection(SolutionProperties) = preSolution
		HideSolutionNode = FALSE
	EndGlobalSection
EndGlobal
